
Microsoft Visual Studio Solution File, Format Version 12.00
# Visual Studio 15
VisualStudioVersion = 15.0.26430.13
MinimumVisualStudioVersion = 10.0.40219.1
Project("{FAE04EC0-301F-11D3-BF4B-00C04F79EFBC}") = "Kixify.OnFeet.Dal", "Kixify.OnFeet.Dal\Kixify.OnFeet.Dal.csproj", "{2CE3DA46-8F55-42FD-AD33-4CB154A47F0E}"
EndProject
Project("{FAE04EC0-301F-11D3-BF4B-00C04F79EFBC}") = "Kixify.OnFeet.Service", "Kixify.OnFeet.Service\Kixify.OnFeet.Service.csproj", "{AA0A596E-E870-4829-A40D-DAA24922D0F8}"
EndProject
Project("{FAE04EC0-301F-11D3-BF4B-00C04F79EFBC}") = "Kixify.OnFeet.WebApi", "Kixify.OnFeet.WebApi\Kixify.OnFeet.WebApi.csproj", "{FEB3856B-6796-4ABF-A741-0504A6C40C37}"
EndProject
Global
	GlobalSection(SolutionConfigurationPlatforms) = preSolution
		Debug|Any CPU = Debug|Any CPU
		Release|Any CPU = Release|Any CPU
	EndGlobalSection
	GlobalSection(ProjectConfigurationPlatforms) = postSolution
		{2CE3DA46-8F55-42FD-AD33-4CB154A47F0E}.Debug|Any CPU.ActiveCfg = Debug|Any CPU
		{2CE3DA46-8F55-42FD-AD33-4CB154A47F0E}.Debug|Any CPU.Build.0 = Debug|Any CPU
		{2CE3DA46-8F55-42FD-AD33-4CB154A47F0E}.Release|Any CPU.ActiveCfg = Release|Any CPU
		{2CE3DA46-8F55-42FD-AD33-4CB154A47F0E}.Release|Any CPU.Build.0 = Release|Any CPU
		{AA0A596E-E870-4829-A40D-DAA24922D0F8}.Debug|Any CPU.ActiveCfg = Debug|Any CPU
		{AA0A596E-E870-4829-A40D-DAA24922D0F8}.Debug|Any CPU.Build.0 = Debug|Any CPU
		{AA0A596E-E870-4829-A40D-DAA24922D0F8}.Release|Any CPU.ActiveCfg = Release|Any CPU
		{AA0A596E-E870-4829-A40D-DAA24922D0F8}.Release|Any CPU.Build.0 = Release|Any CPU
		{FEB3856B-6796-4ABF-A741-0504A6C40C37}.Debug|Any CPU.ActiveCfg = Debug|Any CPU
		{FEB3856B-6796-4ABF-A741-0504A6C40C37}.Debug|Any CPU.Build.0 = Debug|Any CPU
		{FEB3856B-6796-4ABF-A741-0504A6C40C37}.Release|Any CPU.ActiveCfg = Release|Any CPU
		{FEB3856B-6796-4ABF-A741-0504A6C40C37}.Release|Any CPU.Build.0 = Release|Any CPU
	EndGlobalSection
	GlobalSection(SolutionProperties) = preSolution
		HideSolutionNode = FALSE
	EndGlobalSection
EndGlobal
